
Microsoft Visual Studio Solution File, Format Version 12.00
# Visual Studio Version 17
VisualStudioVersion = 17.4.33213.308
MinimumVisualStudioVersion = 10.0.40219.1
Project("{FAE04EC0-301F-11D3-BF4B-00C04F79EFBC}") = "Hashboard", "Hashboard\Hashboard.csproj", "{4C8C4881-712D-4BFF-A5E3-1C28EA911CA9}"
EndProject
Global
	GlobalSection(SolutionConfigurationPlatforms) = preSolution
		Debug|Any CPU = Debug|Any CPU
		Release|Any CPU = Release|Any CPU
	EndGlobalSection
	GlobalSection(ProjectConfigurationPlatforms) = postSolution
		{4C8C4881-712D-4BFF-A5E3-1C28EA911CA9}.Debug|Any CPU.ActiveCfg = Debug|Any CPU
		{4C8C4881-712D-4BFF-A5E3-1C28EA911CA9}.Debug|Any CPU.Build.0 = Debug|Any CPU
		{4C8C4881-712D-4BFF-A5E3-1C28EA911CA9}.Release|Any CPU.ActiveCfg = Release|Any CPU
		{4C8C4881-712D-4BFF-A5E3-1C28EA911CA9}.Release|Any CPU.Build.0 = Release|Any CPU
	EndGlobalSection
	GlobalSection(SolutionProperties) = preSolution
		HideSolutionNode = FALSE
	EndGlobalSection
	GlobalSection(ExtensibilityGlobals) = postSolution
		SolutionGuid = {70930E0C-C3EA-4CDE-A353-989202488658}
	EndGlobalSection
EndGlobal
